// !$*UTF8*$!
{
	archiveVersion = 1;
	classes = {
	};
	objectVersion = 48;
	objects = {

/* Begin PBXBuildFile section */
		164CEDC52051F7C0008C9610 /* CheckoutView.swift in Sources */ = {isa = PBXBuildFile; fileRef = 164CEDC42051F7C0008C9610 /* CheckoutView.swift */; };
		16F2CF59204F4DF9006E9249 /* AppDelegate.swift in Sources */ = {isa = PBXBuildFile; fileRef = 16F2CF58204F4DF9006E9249 /* AppDelegate.swift */; };
		16F2CF5B204F4DF9006E9249 /* HomeView.swift in Sources */ = {isa = PBXBuildFile; fileRef = 16F2CF5A204F4DF9006E9249 /* HomeView.swift */; };
		16F2CF5E204F4DF9006E9249 /* Main.storyboard in Resources */ = {isa = PBXBuildFile; fileRef = 16F2CF5C204F4DF9006E9249 /* Main.storyboard */; };
		16F2CF60204F4DF9006E9249 /* Assets.xcassets in Resources */ = {isa = PBXBuildFile; fileRef = 16F2CF5F204F4DF9006E9249 /* Assets.xcassets */; };
		16F2CF63204F4DF9006E9249 /* LaunchScreen.storyboard in Resources */ = {isa = PBXBuildFile; fileRef = 16F2CF61204F4DF9006E9249 /* LaunchScreen.storyboard */; };
		16F2CF6B204F50F5006E9249 /* RoundButton.swift in Sources */ = {isa = PBXBuildFile; fileRef = 16F2CF6A204F50F5006E9249 /* RoundButton.swift */; };
		16F2CF6D204F550C006E9249 /* MenuViewController.swift in Sources */ = {isa = PBXBuildFile; fileRef = 16F2CF6C204F550C006E9249 /* MenuViewController.swift */; };
/* End PBXBuildFile section */

/* Begin PBXFileReference section */
		164CEDC42051F7C0008C9610 /* CheckoutView.swift */ = {isa = PBXFileReference; lastKnownFileType = sourcecode.swift; path = CheckoutView.swift; sourceTree = "<group>"; };
		16F2CF55204F4DF9006E9249 /* Restaurant App Final.app */ = {isa = PBXFileReference; explicitFileType = wrapper.application; includeInIndex = 0; path = "Restaurant App Final.app"; sourceTree = BUILT_PRODUCTS_DIR; };
		16F2CF58204F4DF9006E9249 /* AppDelegate.swift */ = {isa = PBXFileReference; lastKnownFileType = sourcecode.swift; path = AppDelegate.swift; sourceTree = "<group>"; };
		16F2CF5A204F4DF9006E9249 /* HomeView.swift */ = {isa = PBXFileReference; lastKnownFileType = sourcecode.swift; path = HomeView.swift; sourceTree = "<group>"; };
		16F2CF5D204F4DF9006E9249 /* Base */ = {isa = PBXFileReference; lastKnownFileType = file.storyboard; name = Base; path = Base.lproj/Main.storyboard; sourceTree = "<group>"; };
		16F2CF5F204F4DF9006E9249 /* Assets.xcassets */ = {isa = PBXFileReference; lastKnownFileType = folder.assetcatalog; path = Assets.xcassets; sourceTree = "<group>"; };
		16F2CF62204F4DF9006E9249 /* Base */ = {isa = PBXFileReference; lastKnownFileType = file.storyboard; name = Base; path = Base.lproj/LaunchScreen.storyboard; sourceTree = "<group>"; };
		16F2CF64204F4DF9006E9249 /* Info.plist */ = {isa = PBXFileReference; lastKnownFileType = text.plist.xml; path = Info.plist; sourceTree = "<group>"; };
		16F2CF6A204F50F5006E9249 /* RoundButton.swift */ = {isa = PBXFileReference; lastKnownFileType = sourcecode.swift; name = RoundButton.swift; path = ../RoundButton.swift; sourceTree = "<group>"; };
		16F2CF6C204F550C006E9249 /* MenuViewController.swift */ = {isa = PBXFileReference; lastKnownFileType = sourcecode.swift; path = MenuViewController.swift; sourceTree = "<group>"; };
/* End PBXFileReference section */

/* Begin PBXFrameworksBuildPhase section */
		16F2CF52204F4DF9006E9249 /* Frameworks */ = {
			isa = PBXFrameworksBuildPhase;
			buildActionMask = 2147483647;
			files = (
			);
			runOnlyForDeploymentPostprocessing = 0;
		};
/* End PBXFrameworksBuildPhase section */

/* Begin PBXGroup section */
		16F2CF4C204F4DF9006E9249 = {
			isa = PBXGroup;
			children = (
				16F2CF57204F4DF9006E9249 /* Restaurant App Final */,
				16F2CF56204F4DF9006E9249 /* Products */,
			);
			sourceTree = "<group>";
		};
		16F2CF56204F4DF9006E9249 /* Products */ = {
			isa = PBXGroup;
			children = (
				16F2CF55204F4DF9006E9249 /* Restaurant App Final.app */,
			);
			name = Products;
			sourceTree = "<group>";
		};
		16F2CF57204F4DF9006E9249 /* Restaurant App Final */ = {
			isa = PBXGroup;
			children = (
				164CEDC42051F7C0008C9610 /* CheckoutView.swift */,
				16F2CF6C204F550C006E9249 /* MenuViewController.swift */,
				16F2CF6A204F50F5006E9249 /* RoundButton.swift */,
				16F2CF58204F4DF9006E9249 /* AppDelegate.swift */,
				16F2CF5A204F4DF9006E9249 /* HomeView.swift */,
				16F2CF5C204F4DF9006E9249 /* Main.storyboard */,
				16F2CF5F204F4DF9006E9249 /* Assets.xcassets */,
				16F2CF61204F4DF9006E9249 /* LaunchScreen.storyboard */,
				16F2CF64204F4DF9006E9249 /* Info.plist */,
			);
			path = "Restaurant App Final";
			sourceTree = "<group>";
		};
/* End PBXGroup section */

/* Begin PBXNativeTarget section */
		16F2CF54204F4DF9006E9249 /* Restaurant App Final */ = {
			isa = PBXNativeTarget;
			buildConfigurationList = 16F2CF67204F4DF9006E9249 /* Build configuration list for PBXNativeTarget "Restaurant App Final" */;
			buildPhases = (
				16F2CF51204F4DF9006E9249 /* Sources */,
				16F2CF52204F4DF9006E9249 /* Frameworks */,
				16F2CF53204F4DF9006E9249 /* Resources */,
			);
			buildRules = (
			);
			dependencies = (
			);
			name = "Restaurant App Final";
			productName = "Restaurant App Final";
			productReference = 16F2CF55204F4DF9006E9249 /* Restaurant App Final.app */;
			productType = "com.apple.product-type.application";
		};
/* End PBXNativeTarget section */

/* Begin PBXProject section */
		16F2CF4D204F4DF9006E9249 /* Project object */ = {
			isa = PBXProject;
			attributes = {
				LastSwiftUpdateCheck = 0920;
				LastUpgradeCheck = 0920;
				ORGANIZATIONNAME = Bwilliams8;
				TargetAttributes = {
					16F2CF54204F4DF9006E9249 = {
						CreatedOnToolsVersion = 9.2;
						ProvisioningStyle = Automatic;
					};
				};
			};
			buildConfigurationList = 16F2CF50204F4DF9006E9249 /* Build configuration list for PBXProject "Restaurant App Final" */;
			compatibilityVersion = "Xcode 8.0";
			developmentRegion = en;
			hasScannedForEncodings = 0;
			knownRegions = (
				en,
				Base,
			);
			mainGroup = 16F2CF4C204F4DF9006E9249;
			productRefGroup = 16F2CF56204F4DF9006E9249 /* Products */;
			projectDirPath = "";
			projectRoot = "";
			targets = (
				16F2CF54204F4DF9006E9249 /* Restaurant App Final */,
			);
		};
/* End PBXProject section */

/* Begin PBXResourcesBuildPhase section */
		16F2CF53204F4DF9006E9249 /* Resources */ = {
			isa = PBXResourcesBuildPhase;
			buildActionMask = 2147483647;
			files = (
				16F2CF63204F4DF9006E9249 /* LaunchScreen.storyboard in Resources */,
				16F2CF60204F4DF9006E9249 /* Assets.xcassets in Resources */,
				16F2CF5E204F4DF9006E9249 /* Main.storyboard in Resources */,
			);
			runOnlyForDeploymentPostprocessing = 0;
		};
/* End PBXResourcesBuildPhase section */

/* Begin PBXSourcesBuildPhase section */
		16F2CF51204F4DF9006E9249 /* Sources */ = {
			isa = PBXSourcesBuildPhase;
			buildActionMask = 2147483647;
			files = (
				16F2CF6B204F50F5006E9249 /* RoundButton.swift in Sources */,
				16F2CF5B204F4DF9006E9249 /* HomeView.swift in Sources */,
				164CEDC52051F7C0008C9610 /* CheckoutView.swift in Sources */,
				16F2CF59204F4DF9006E9249 /* AppDelegate.swift in Sources */,
				16F2CF6D204F550C006E9249 /* MenuViewController.swift in Sources */,
			);
			runOnlyForDeploymentPostprocessing = 0;
		};
/* End PBXSourcesBuildPhase section */

/* Begin PBXVariantGroup section */
		16F2CF5C204F4DF9006E9249 /* Main.storyboard */ = {
			isa = PBXVariantGroup;
			children = (
				16F2CF5D204F4DF9006E9249 /* Base */,
			);
			name = Main.storyboard;
			sourceTree = "<group>";
		};
		16F2CF61204F4DF9006E9249 /* LaunchScreen.storyboard */ = {
			isa = PBXVariantGroup;
			children = (
				16F2CF62204F4DF9006E9249 /* Base */,
			);
			name = LaunchScreen.storyboard;
			sourceTree = "<group>";
		};
/* End PBXVariantGroup section */

/* Begin XCBuildConfiguration section */
		16F2CF65204F4DF9006E9249 /* Debug */ = {
			isa = XCBuildConfiguration;
			buildSettings = {
				ALWAYS_SEARCH_USER_PATHS = NO;
				CLANG_ANALYZER_NONNULL = YES;
				CLANG_ANALYZER_NUMBER_OBJECT_CONVERSION = YES_AGGRESSIVE;
				CLANG_CXX_LANGUAGE_STANDARD = "gnu++14";
				CLANG_CXX_LIBRARY = "libc++";
				CLANG_ENABLE_MODULES = YES;
				CLANG_ENABLE_OBJC_ARC = YES;
				CLANG_WARN_BLOCK_CAPTURE_AUTORELEASING = YES;
				CLANG_WARN_BOOL_CONVERSION = YES;
				CLANG_WARN_COMMA = YES;
				CLANG_WARN_CONSTANT_CONVERSION = YES;
				CLANG_WARN_DIRECT_OBJC_ISA_USAGE = YES_ERROR;
				CLANG_WARN_DOCUMENTATION_COMMENTS = YES;
				CLANG_WARN_EMPTY_BODY = YES;
				CLANG_WARN_ENUM_CONVERSION = YES;
				CLANG_WARN_INFINITE_RECURSION = YES;
				CLANG_WARN_INT_CONVERSION = YES;
				CLANG_WARN_NON_LITERAL_NULL_CONVERSION = YES;
				CLANG_WARN_OBJC_LITERAL_CONVERSION = YES;
				CLANG_WARN_OBJC_ROOT_CLASS = YES_ERROR;
				CLANG_WARN_RANGE_LOOP_ANALYSIS = YES;
				CLANG_WARN_STRICT_PROTOTYPES = YES;
				CLANG_WARN_SUSPICIOUS_MOVE = YES;
				CLANG_WARN_UNGUARDED_AVAILABILITY = YES_AGGRESSIVE;
				CLANG_WARN_UNREACHABLE_CODE = YES;
				CLANG_WARN__DUPLICATE_METHOD_MATCH = YES;
				CODE_SIGN_IDENTITY = "iPhone Developer";
				COPY_PHASE_STRIP = NO;
				DEBUG_INFORMATION_FORMAT = dwarf;
				ENABLE_STRICT_OBJC_MSGSEND = YES;
				ENABLE_TESTABILITY = YES;
				GCC_C_LANGUAGE_STANDARD = gnu11;
				GCC_DYNAMIC_NO_PIC = NO;
				GCC_NO_COMMON_BLOCKS = YES;
				GCC_OPTIMIZATION_LEVEL = 0;
				GCC_PREPROCESSOR_DEFINITIONS = (
					"DEBUG=1",
					"$(inherited)",
				);
				GCC_WARN_64_TO_32_BIT_CONVERSION = YES;
				GCC_WARN_ABOUT_RETURN_TYPE = YES_ERROR;
				GCC_WARN_UNDECLARED_SELECTOR = YES;
				GCC_WARN_UNINITIALIZED_AUTOS = YES_AGGRESSIVE;
				GCC_WARN_UNUSED_FUNCTION = YES;
				GCC_WARN_UNUSED_VARIABLE = YES;
				IPHONEOS_DEPLOYMENT_TARGET = 11.2;
				MTL_ENABLE_DEBUG_INFO = YES;
				ONLY_ACTIVE_ARCH = YES;
				SDKROOT = iphoneos;
				SWIFT_ACTIVE_COMPILATION_CONDITIONS = DEBUG;
				SWIFT_OPTIMIZATION_LEVEL = "-Onone";
			};
			name = Debug;
		};
		16F2CF66204F4DF9006E9249 /* Release */ = {
			isa = XCBuildConfiguration;
			buildSettings = {
				ALWAYS_SEARCH_USER_PATHS = NO;
				CLANG_ANALYZER_NONNULL = YES;
				CLANG_ANALYZER_NUMBER_OBJECT_CONVERSION = YES_AGGRESSIVE;
				CLANG_CXX_LANGUAGE_STANDARD = "gnu++14";
				CLANG_CXX_LIBRARY = "libc++";
				CLANG_ENABLE_MODULES = YES;
				CLANG_ENABLE_OBJC_ARC = YES;
				CLANG_WARN_BLOCK_CAPTURE_AUTORELEASING = YES;
				CLANG_WARN_BOOL_CONVERSION = YES;
				CLANG_WARN_COMMA = YES;
				CLANG_WARN_CONSTANT_CONVERSION = YES;
				CLANG_WARN_DIRECT_OBJC_ISA_USAGE = YES_ERROR;
				CLANG_WARN_DOCUMENTATION_COMMENTS = YES;
				CLANG_WARN_EMPTY_BODY = YES;
				CLANG_WARN_ENUM_CONVERSION = YES;
				CLANG_WARN_INFINITE_RECURSION = YES;
				CLANG_WARN_INT_CONVERSION = YES;
				CLANG_WARN_NON_LITERAL_NULL_CONVERSION = YES;
				CLANG_WARN_OBJC_LITERAL_CONVERSION = YES;
				CLANG_WARN_OBJC_ROOT_CLASS = YES_ERROR;
				CLANG_WARN_RANGE_LOOP_ANALYSIS = YES;
				CLANG_WARN_STRICT_PROTOTYPES = YES;
				CLANG_WARN_SUSPICIOUS_MOVE = YES;
				CLANG_WARN_UNGUARDED_AVAILABILITY = YES_AGGRESSIVE;
				CLANG_WARN_UNREACHABLE_CODE = YES;
				CLANG_WARN__DUPLICATE_METHOD_MATCH = YES;
				CODE_SIGN_IDENTITY = "iPhone Developer";
				COPY_PHASE_STRIP = NO;
				DEBUG_INFORMATION_FORMAT = "dwarf-with-dsym";
				ENABLE_NS_ASSERTIONS = NO;
				ENABLE_STRICT_OBJC_MSGSEND = YES;
				GCC_C_LANGUAGE_STANDARD = gnu11;
				GCC_NO_COMMON_BLOCKS = YES;
				GCC_WARN_64_TO_32_BIT_CONVERSION = YES;
				GCC_WARN_ABOUT_RETURN_TYPE = YES_ERROR;
				GCC_WARN_UNDECLARED_SELECTOR = YES;
				GCC_WARN_UNINITIALIZED_AUTOS = YES_AGGRESSIVE;
				GCC_WARN_UNUSED_FUNCTION = YES;
				GCC_WARN_UNUSED_VARIABLE = YES;
				IPHONEOS_DEPLOYMENT_TARGET = 11.2;
				MTL_ENABLE_DEBUG_INFO = NO;
				SDKROOT = iphoneos;
				SWIFT_OPTIMIZATION_LEVEL = "-Owholemodule";
				VALIDATE_PRODUCT = YES;
			};
			name = Release;
		};
		16F2CF68204F4DF9006E9249 /* Debug */ = {
			isa = XCBuildConfiguration;
			buildSettings = {
				ASSETCATALOG_COMPILER_APPICON_NAME = AppIcon;
				CODE_SIGN_STYLE = Automatic;
				INFOPLIST_FILE = "Restaurant App Final/Info.plist";
				LD_RUNPATH_SEARCH_PATHS = "$(inherited) @executable_path/Frameworks";
				PRODUCT_BUNDLE_IDENTIFIER = "Bwilliams8.Restaurant-App-Final";
				PRODUCT_NAME = "$(TARGET_NAME)";
				SWIFT_VERSION = 4.0;
				TARGETED_DEVICE_FAMILY = "1,2";
			};
			name = Debug;
		};
		16F2CF69204F4DF9006E9249 /* Release */ = {
			isa = XCBuildConfiguration;
			buildSettings = {
				ASSETCATALOG_COMPILER_APPICON_NAME = AppIcon;
				CODE_SIGN_STYLE = Automatic;
				INFOPLIST_FILE = "Restaurant App Final/Info.plist";
				LD_RUNPATH_SEARCH_PATHS = "$(inherited) @executable_path/Frameworks";
				PRODUCT_BUNDLE_IDENTIFIER = "Bwilliams8.Restaurant-App-Final";
				PRODUCT_NAME = "$(TARGET_NAME)";
				SWIFT_VERSION = 4.0;
				TARGETED_DEVICE_FAMILY = "1,2";
			};
			name = Release;
		};
/* End XCBuildConfiguration section */

/* Begin XCConfigurationList section */
		16F2CF50204F4DF9006E9249 /* Build configuration list for PBXProject "Restaurant App Final" */ = {
			isa = XCConfigurationList;
			buildConfigurations = (
				16F2CF65204F4DF9006E9249 /* Debug */,
				16F2CF66204F4DF9006E9249 /* Release */,
			);
			defaultConfigurationIsVisible = 0;
			defaultConfigurationName = Release;
		};
		16F2CF67204F4DF9006E9249 /* Build configuration list for PBXNativeTarget "Restaurant App Final" */ = {
			isa = XCConfigurationList;
			buildConfigurations = (
				16F2CF68204F4DF9006E9249 /* Debug */,
				16F2CF69204F4DF9006E9249 /* Release */,
			);
			defaultConfigurationIsVisible = 0;
			defaultConfigurationName = Release;
		};
/* End XCConfigurationList section */
	};
	rootObject = 16F2CF4D204F4DF9006E9249 /* Project object */;
}
